
Microsoft Visual Studio Solution File, Format Version 12.00
# Visual Studio Version 17
VisualStudioVersion = 17.9.34310.174
MinimumVisualStudioVersion = 10.0.40219.1
Project("{9A19103F-16F7-4668-BE54-9A1E7A4F7556}") = "GaGSemanticMap", "GaGSemanticMap\GaGSemanticMap.csproj", "{496E8105-ED84-4B7D-8A74-B3747AE64315}"
EndProject
Project("{FAE04EC0-301F-11D3-BF4B-00C04F79EFBC}") = "CreateDataEmbeddings", "CreateDataEmbeddings\CreateDataEmbeddings.csproj", "{792244F7-D0BB-49B0-8728-7A1AF9C90FD2}"
EndProject
Global
	GlobalSection(SolutionConfigurationPlatforms) = preSolution
		Debug|Any CPU = Debug|Any CPU
		Release|Any CPU = Release|Any CPU
	EndGlobalSection
	GlobalSection(ProjectConfigurationPlatforms) = postSolution
		{496E8105-ED84-4B7D-8A74-B3747AE64315}.Debug|Any CPU.ActiveCfg = Debug|Any CPU
		{496E8105-ED84-4B7D-8A74-B3747AE64315}.Debug|Any CPU.Build.0 = Debug|Any CPU
		{496E8105-ED84-4B7D-8A74-B3747AE64315}.Release|Any CPU.ActiveCfg = Release|Any CPU
		{496E8105-ED84-4B7D-8A74-B3747AE64315}.Release|Any CPU.Build.0 = Release|Any CPU
		{792244F7-D0BB-49B0-8728-7A1AF9C90FD2}.Debug|Any CPU.ActiveCfg = Debug|Any CPU
		{792244F7-D0BB-49B0-8728-7A1AF9C90FD2}.Debug|Any CPU.Build.0 = Debug|Any CPU
		{792244F7-D0BB-49B0-8728-7A1AF9C90FD2}.Release|Any CPU.ActiveCfg = Release|Any CPU
		{792244F7-D0BB-49B0-8728-7A1AF9C90FD2}.Release|Any CPU.Build.0 = Release|Any CPU
	EndGlobalSection
	GlobalSection(SolutionProperties) = preSolution
		HideSolutionNode = FALSE
	EndGlobalSection
	GlobalSection(ExtensibilityGlobals) = postSolution
		SolutionGuid = {F2B11E24-86F0-4269-B5E5-F4A741C5B4EA}
	EndGlobalSection
EndGlobal
